
Microsoft Visual Studio Solution File, Format Version 12.00
# Visual Studio Version 17
VisualStudioVersion = 17.9.34728.123
MinimumVisualStudioVersion = 10.0.40219.1
Project("{9A19103F-16F7-4668-BE54-9A1E7A4F7556}") = "2015.Day.1", "2015.Day.1\2015.Day.1.csproj", "{E4D089E2-DD15-405D-B811-CDF79CE05250}"
EndProject
Project("{9A19103F-16F7-4668-BE54-9A1E7A4F7556}") = "2015.Day.2", "2015.Day.2\2015.Day.2.csproj", "{FFC4113B-8D71-4AF4-99E1-A8296AB59B53}"
EndProject
Project("{9A19103F-16F7-4668-BE54-9A1E7A4F7556}") = "2015.Day.3", "2015.Day.3\2015.Day.3.csproj", "{F9E9E62F-FBE1-4242-8B36-8F8BBAB2AC80}"
EndProject
Project("{9A19103F-16F7-4668-BE54-9A1E7A4F7556}") = "2015.Day.4", "2015.Day.4\2015.Day.4.csproj", "{0A02C2DC-1261-4BFF-9105-B9A0207BF6E7}"
EndProject
Project("{9A19103F-16F7-4668-BE54-9A1E7A4F7556}") = "2015.Day.5", "2015.Day.5\2015.Day.5.csproj", "{43F18CBB-A8B1-4EDA-8AA3-D1EEBF9A4F8F}"
EndProject
Project("{FAE04EC0-301F-11D3-BF4B-00C04F79EFBC}") = "2015.Day.6", "2015.Day.6\2015.Day.6.csproj", "{A742D622-3F2B-45E3-B3E8-462BEA783FA1}"
EndProject
Global
	GlobalSection(SolutionConfigurationPlatforms) = preSolution
		Debug|Any CPU = Debug|Any CPU
		Release|Any CPU = Release|Any CPU
	EndGlobalSection
	GlobalSection(ProjectConfigurationPlatforms) = postSolution
		{E4D089E2-DD15-405D-B811-CDF79CE05250}.Debug|Any CPU.ActiveCfg = Debug|Any CPU
		{E4D089E2-DD15-405D-B811-CDF79CE05250}.Debug|Any CPU.Build.0 = Debug|Any CPU
		{E4D089E2-DD15-405D-B811-CDF79CE05250}.Release|Any CPU.ActiveCfg = Release|Any CPU
		{E4D089E2-DD15-405D-B811-CDF79CE05250}.Release|Any CPU.Build.0 = Release|Any CPU
		{FFC4113B-8D71-4AF4-99E1-A8296AB59B53}.Debug|Any CPU.ActiveCfg = Debug|Any CPU
		{FFC4113B-8D71-4AF4-99E1-A8296AB59B53}.Debug|Any CPU.Build.0 = Debug|Any CPU
		{FFC4113B-8D71-4AF4-99E1-A8296AB59B53}.Release|Any CPU.ActiveCfg = Release|Any CPU
		{FFC4113B-8D71-4AF4-99E1-A8296AB59B53}.Release|Any CPU.Build.0 = Release|Any CPU
		{F9E9E62F-FBE1-4242-8B36-8F8BBAB2AC80}.Debug|Any CPU.ActiveCfg = Debug|Any CPU
		{F9E9E62F-FBE1-4242-8B36-8F8BBAB2AC80}.Debug|Any CPU.Build.0 = Debug|Any CPU
		{F9E9E62F-FBE1-4242-8B36-8F8BBAB2AC80}.Release|Any CPU.ActiveCfg = Release|Any CPU
		{F9E9E62F-FBE1-4242-8B36-8F8BBAB2AC80}.Release|Any CPU.Build.0 = Release|Any CPU
		{0A02C2DC-1261-4BFF-9105-B9A0207BF6E7}.Debug|Any CPU.ActiveCfg = Debug|Any CPU
		{0A02C2DC-1261-4BFF-9105-B9A0207BF6E7}.Debug|Any CPU.Build.0 = Debug|Any CPU
		{0A02C2DC-1261-4BFF-9105-B9A0207BF6E7}.Release|Any CPU.ActiveCfg = Release|Any CPU
		{0A02C2DC-1261-4BFF-9105-B9A0207BF6E7}.Release|Any CPU.Build.0 = Release|Any CPU
		{43F18CBB-A8B1-4EDA-8AA3-D1EEBF9A4F8F}.Debug|Any CPU.ActiveCfg = Debug|Any CPU
		{43F18CBB-A8B1-4EDA-8AA3-D1EEBF9A4F8F}.Debug|Any CPU.Build.0 = Debug|Any CPU
		{43F18CBB-A8B1-4EDA-8AA3-D1EEBF9A4F8F}.Release|Any CPU.ActiveCfg = Release|Any CPU
		{43F18CBB-A8B1-4EDA-8AA3-D1EEBF9A4F8F}.Release|Any CPU.Build.0 = Release|Any CPU
		{A742D622-3F2B-45E3-B3E8-462BEA783FA1}.Debug|Any CPU.ActiveCfg = Debug|Any CPU
		{A742D622-3F2B-45E3-B3E8-462BEA783FA1}.Debug|Any CPU.Build.0 = Debug|Any CPU
		{A742D622-3F2B-45E3-B3E8-462BEA783FA1}.Release|Any CPU.ActiveCfg = Release|Any CPU
		{A742D622-3F2B-45E3-B3E8-462BEA783FA1}.Release|Any CPU.Build.0 = Release|Any CPU
	EndGlobalSection
	GlobalSection(SolutionProperties) = preSolution
		HideSolutionNode = FALSE
	EndGlobalSection
	GlobalSection(ExtensibilityGlobals) = postSolution
		SolutionGuid = {E6B09B15-0203-476E-A749-2E5AA8FD8247}
	EndGlobalSection
EndGlobal
